
Microsoft Visual Studio Solution File, Format Version 12.00
# Visual Studio 15
VisualStudioVersion = 15.0.28307.329
MinimumVisualStudioVersion = 10.0.40219.1
Project("{FAE04EC0-301F-11D3-BF4B-00C04F79EFBC}") = "RemoteAccessUtility", "RemoteAccessUtility\RemoteAccessUtility.csproj", "{068BEFE1-1DA6-4A6D-975F-84376A712C8C}"
EndProject
Global
	GlobalSection(SolutionConfigurationPlatforms) = preSolution
		Debug|Any CPU = Debug|Any CPU
		Release|Any CPU = Release|Any CPU
	EndGlobalSection
	GlobalSection(ProjectConfigurationPlatforms) = postSolution
		{068BEFE1-1DA6-4A6D-975F-84376A712C8C}.Debug|Any CPU.ActiveCfg = Debug|Any CPU
		{068BEFE1-1DA6-4A6D-975F-84376A712C8C}.Debug|Any CPU.Build.0 = Debug|Any CPU
		{068BEFE1-1DA6-4A6D-975F-84376A712C8C}.Release|Any CPU.ActiveCfg = Release|Any CPU
		{068BEFE1-1DA6-4A6D-975F-84376A712C8C}.Release|Any CPU.Build.0 = Release|Any CPU
	EndGlobalSection
	GlobalSection(SolutionProperties) = preSolution
		HideSolutionNode = FALSE
	EndGlobalSection
	GlobalSection(ExtensibilityGlobals) = postSolution
		SolutionGuid = {88211329-B4FD-41A9-82EA-D2CBD5539283}
	EndGlobalSection
EndGlobal
